
Microsoft Visual Studio Solution File, Format Version 12.00
# Visual Studio Version 17
VisualStudioVersion = 17.3.32811.315
MinimumVisualStudioVersion = 10.0.40219.1
Project("{9A19103F-16F7-4668-BE54-9A1E7A4F7556}") = "Prism DataSheet", "Prism DataSheet.csproj", "{AEC48BA7-AE6D-4E4B-A15D-51778F377B6E}"
EndProject
Project("{9A19103F-16F7-4668-BE54-9A1E7A4F7556}") = "Common", "..\Common\Common.csproj", "{FE23CB8D-1BC4-4BE5-9469-E52A717A6E5B}"
EndProject
Project("{9A19103F-16F7-4668-BE54-9A1E7A4F7556}") = "LoadModules", "..\LoadModules\LoadModules.csproj", "{2205406B-7876-423B-A236-4DEDA792A63A}"
EndProject
Project("{9A19103F-16F7-4668-BE54-9A1E7A4F7556}") = "StringDividePlugin", "..\StringDividePlugin\StringDividePlugin.csproj", "{006294DE-17DE-415F-95B0-13F647F33EAB}"
EndProject
Project("{2150E333-8FDC-42A3-9474-1A3956D46DE8}") = "Plugins", "Plugins", "{5023988C-7FB9-4AA2-A6EC-B73064E59833}"
EndProject
Project("{2150E333-8FDC-42A3-9474-1A3956D46DE8}") = "Winform", "Winform", "{9BA14526-E900-4221-84A6-56994F5DA7F9}"
EndProject
Project("{FAE04EC0-301F-11D3-BF4B-00C04F79EFBC}") = "DataSheetCM", "C:\Users\46432\source\repos\CMTest\DataSheetCM.csproj", "{A50A3873-8464-4D3F-8653-468A46700175}"
EndProject
Project("{FAE04EC0-301F-11D3-BF4B-00C04F79EFBC}") = "TXTCodeAndDcode", "C:\Users\46432\source\repos\TXTCodeAndDcode\TXTCodeAndDcode.csproj", "{FA92E92E-78E5-421B-A2EC-C6CC68488E90}"
EndProject
Global
	GlobalSection(SolutionConfigurationPlatforms) = preSolution
		Debug|Any CPU = Debug|Any CPU
		Release|Any CPU = Release|Any CPU
	EndGlobalSection
	GlobalSection(ProjectConfigurationPlatforms) = postSolution
		{AEC48BA7-AE6D-4E4B-A15D-51778F377B6E}.Debug|Any CPU.ActiveCfg = Debug|Any CPU
		{AEC48BA7-AE6D-4E4B-A15D-51778F377B6E}.Debug|Any CPU.Build.0 = Debug|Any CPU
		{AEC48BA7-AE6D-4E4B-A15D-51778F377B6E}.Release|Any CPU.ActiveCfg = Release|Any CPU
		{AEC48BA7-AE6D-4E4B-A15D-51778F377B6E}.Release|Any CPU.Build.0 = Release|Any CPU
		{FE23CB8D-1BC4-4BE5-9469-E52A717A6E5B}.Debug|Any CPU.ActiveCfg = Debug|Any CPU
		{FE23CB8D-1BC4-4BE5-9469-E52A717A6E5B}.Debug|Any CPU.Build.0 = Debug|Any CPU
		{FE23CB8D-1BC4-4BE5-9469-E52A717A6E5B}.Release|Any CPU.ActiveCfg = Release|Any CPU
		{FE23CB8D-1BC4-4BE5-9469-E52A717A6E5B}.Release|Any CPU.Build.0 = Release|Any CPU
		{2205406B-7876-423B-A236-4DEDA792A63A}.Debug|Any CPU.ActiveCfg = Debug|Any CPU
		{2205406B-7876-423B-A236-4DEDA792A63A}.Debug|Any CPU.Build.0 = Debug|Any CPU
		{2205406B-7876-423B-A236-4DEDA792A63A}.Release|Any CPU.ActiveCfg = Release|Any CPU
		{2205406B-7876-423B-A236-4DEDA792A63A}.Release|Any CPU.Build.0 = Release|Any CPU
		{006294DE-17DE-415F-95B0-13F647F33EAB}.Debug|Any CPU.ActiveCfg = Debug|Any CPU
		{006294DE-17DE-415F-95B0-13F647F33EAB}.Debug|Any CPU.Build.0 = Debug|Any CPU
		{006294DE-17DE-415F-95B0-13F647F33EAB}.Release|Any CPU.ActiveCfg = Release|Any CPU
		{006294DE-17DE-415F-95B0-13F647F33EAB}.Release|Any CPU.Build.0 = Release|Any CPU
		{A50A3873-8464-4D3F-8653-468A46700175}.Debug|Any CPU.ActiveCfg = Debug|Any CPU
		{A50A3873-8464-4D3F-8653-468A46700175}.Debug|Any CPU.Build.0 = Debug|Any CPU
		{A50A3873-8464-4D3F-8653-468A46700175}.Release|Any CPU.ActiveCfg = Release|Any CPU
		{A50A3873-8464-4D3F-8653-468A46700175}.Release|Any CPU.Build.0 = Release|Any CPU
		{FA92E92E-78E5-421B-A2EC-C6CC68488E90}.Debug|Any CPU.ActiveCfg = Debug|Any CPU
		{FA92E92E-78E5-421B-A2EC-C6CC68488E90}.Debug|Any CPU.Build.0 = Debug|Any CPU
		{FA92E92E-78E5-421B-A2EC-C6CC68488E90}.Release|Any CPU.ActiveCfg = Release|Any CPU
		{FA92E92E-78E5-421B-A2EC-C6CC68488E90}.Release|Any CPU.Build.0 = Release|Any CPU
	EndGlobalSection
	GlobalSection(SolutionProperties) = preSolution
		HideSolutionNode = FALSE
	EndGlobalSection
	GlobalSection(NestedProjects) = preSolution
		{2205406B-7876-423B-A236-4DEDA792A63A} = {5023988C-7FB9-4AA2-A6EC-B73064E59833}
		{006294DE-17DE-415F-95B0-13F647F33EAB} = {5023988C-7FB9-4AA2-A6EC-B73064E59833}
		{A50A3873-8464-4D3F-8653-468A46700175} = {9BA14526-E900-4221-84A6-56994F5DA7F9}
		{FA92E92E-78E5-421B-A2EC-C6CC68488E90} = {9BA14526-E900-4221-84A6-56994F5DA7F9}
	EndGlobalSection
	GlobalSection(ExtensibilityGlobals) = postSolution
		SolutionGuid = {CD5A5D63-ADD7-49EB-9E9D-C792C8494A34}
	EndGlobalSection
EndGlobal
